git.torproject.org/pluggable-transports/goptlib.git v1.1.0/go.mod h1:YT4XMSkuEXbtqlydr9+OxqFAyspUv0Gr9qhM3B++o/Q=
github.com/OperatorFoundation/ed25519 v0.0.0-20200225224545-b22b4bd3ddef h1:1xEtDEuNE9/yybZaHS94OIjx5FUo4e8M3UwcK9bFC9s=
github.com/OperatorFoundation/ed25519 v0.0.0-20200225224545-b22b4bd3ddef/go.mod h1:gQNGvsyT4Zmps9H/yzCqdc+RQzt8ZxCndRNtGTYnBzQ=
github.com/OperatorFoundation/obfs4 v1.0.0 h1:OcfdNMzv69fKQrLTkTSwpaBkHyBZMLjigA5M3txZpAg=
github.com/OperatorFoundation/obfs4 v1.0.0/go.mod h1:6apgxOLYwyvbpzujpFHWu6Jlc+mjn1aFK7WvNijIVWc=
github.com/OperatorFoundation/shapeshifter-ipc/v2 v2.0.0 h1:6aQs+TF3KULMarpzbKu8DhFOF9D2UBCaAN5ZtbK53nQ=
github.com/OperatorFoundation/shapeshifter-ipc/v2 v2.0.0/go.mod h1:gb/QiZH0QDXLSQ9PskyJ2oTflB7tsP4AYc8y+FppvB0=
github.com/OperatorFoundation/shapeshifter-transports/transports/meeklite/v3 v3.0.12 h1:bcboyU/mDFm3ocgZ8uSMUTuryJ/edjYJgrn0qKY/NPI=
github.com/OperatorFoundation/shapeshifter-transports/transports/meeklite/v3 v3.0.12/go.mod h1:wQZC/2AdEDj3fnuI0Bu0dL1kvUeaE7MvoyeLlLu2nfQ=
github.com/OperatorFoundation/shapeshifter-transports/transports/obfs2/v3 v3.0.12 h1:0r0jzjDGspARjI27Sr8KezIzm1a2Ixs5Hn6hizysAVE=
github.com/OperatorFoundation/shapeshifter-transports/transports/obfs2/v3 v3.0.12/go.mod h1:nnE7S0srPoXZDatJ7sTWhClwo/3vyMXykSDPHAdi2xo=
github.com/OperatorFoundation/shapeshifter-transports/transports/obfs4/v3 v3.0.12 h1:CbHVVqoJQvzrNerVwc5M60I7xCtDHekdRT4NFHcPI+w=
github.com/OperatorFoundation/shapeshifter-transports/transports/obfs4/v3 v3.0.12/go.mod h1:k1ga949kVeIGplqIb1lBE8Qi957Om/bz/GDMymQr+kA=
github.com/OperatorFoundation/shapeshifter-transports/transports/shadow/v3 v3.0.12 h1:gOKx+fiNRUMD8uAG5l+Q9zmXQNTNU8Y6t3KmWRAVhoc=
github.com/OperatorFoundation/shapeshifter-transports/transports/shadow/v3 v3.0.12/go.mod h1:eI5kZwV2A9NBKB3UgzjY1ThIsV2sSUETBmjGbPncaf0=
github.com/aead/chacha20 v0.0.0-20180709150244-8b13a72661da h1:KjTM2ks9d14ZYCvmHS9iAKVt9AyzRSqNU1qabPih5BY=
github.com/aead/chacha20 v0.0.0-20180709150244-8b13a72661da/go.mod h1:eHEWzANqSiWQsof+nXEI9bUVUyV6F53Fp89EuCh2EAA=
github.com/dchest/siphash v1.2.1 h1:4cLinnzVJDKxTCl9B01807Yiy+W7ZzVHj/KIroQRvT4=
github.com/dchest/siphash v1.2.1/go.mod h1:q+IRvb2gOSrUnYoPqHiyHXS0FOBBOdl6tONBlVnOnt4=
github.com/kataras/golog v0.0.18 h1:Td7hcKN25yzqB/0SO5iohOsMk5Mq5V9kDtM5apaJLY0=
github.com/kataras/golog v0.0.18/go.mod h1:jRYl7dFYqP8aQj9VkwdBUXYZSfUktm+YYg1arJILfyw=
github.com/kataras/pio v0.0.8 h1:6pX6nHJk7DAV3x1dEimibQF2CmJLlo0jWVmM9yE9KY8=
github.com/kataras/pio v0.0.8/go.mod h1:NFfMp2kVP1rmV4N6gH6qgWpuoDKlrOeYi3VrAIWCGsE=
github.com/shadowsocks/go-shadowsocks2 v0.0.11 h1:dXloqEhYnZV40jblWTK8kWeC0Eb+dgql4S0tj99e8j0=
github.com/shadowsocks/go-shadowsocks2 v0.0.11/go.mod h1:R+KWaoIwRRhnpw6XV+dZil0XHi64Hc1D7hXUyXTjUzQ=
github.com/willscott/goturn v0.0.0-20170802220503-19f41278d0c9/go.mod h1:PfwRjodCaQXOsHnh2DeVaXqCFCIrbn5WLj1+A5bQkD4=
golang.org/x/crypto v0.0.0-20190308221718-c2843e01d9a2/go.mod h1:djNgcEr1/C05ACkg1iLfiJU5Ep61QUkGW8qpdssI0+w=
golang.org/x/crypto v0.0.0-20200221231518-2aa609cf4a9d h1:1ZiEyfaQIg3Qh0EoqpwAakHVhecoE5wlSg5GjnafJGw=
golang.org/x/crypto v0.0.0-20200221231518-2aa609cf4a9d/go.mod h1:LzIPMQfyMNhhGPhUkYOs5KpL4U8rLKemX1yGLhDgUto=
golang.org/x/net v0.0.0-20190404232315-eb5bcb51f2a3/go.mod h1:t9HGtf8HONx5eT2rtn7q6eTqICYqUVnKs3thJo3Qplg=
golang.org/x/net v0.0.0-20200202094626-16171245cfb2/go.mod h1:z5CRVTTTmAJ677TzLLGU+0bjPO0LkuOLi4/5GtJWs/s=
golang.org/x/net v0.0.0-20200226121028-0de0cce0169b h1:0mm1VjtFUOIlE1SbDlwjYaDxZVDP2S5ou6y0gSgXHu8=
golang.org/x/net v0.0.0-20200226121028-0de0cce0169b/go.mod h1:z5CRVTTTmAJ677TzLLGU+0bjPO0LkuOLi4/5GtJWs/s=
golang.org/x/sys v0.0.0-20190215142949-d0b11bdaac8a/go.mod h1:STP8DvDyc/dI5b8T5hshtkjS+E42TnysNCUPdjciGhY=
golang.org/x/sys v0.0.0-20190412213103-97732733099d h1:+R4KGOnez64A81RvjARKc4UT5/tI9ujCIVX+P5KiHuI=
golang.org/x/sys v0.0.0-20190412213103-97732733099d/go.mod h1:h1NjWce9XRLGQEsW7wpKNCjG9DtNlClVuFLEZdDNbEs=
golang.org/x/text v0.3.0/go.mod h1:NqM8EUOU14njkJ3fqMW+pc6Ldnwhi/IjpwHt7yyuwOQ=
