github.com/OperatorFoundation/monolith-go/monolith v1.0.4 h1:9BmDs+f0VvDz94X8GW8G6L3UG6H7ziIFEw9H0AajnHI=
github.com/OperatorFoundation/monolith-go/monolith v1.0.4/go.mod h1:qc60ZvCt83JnWf2ZtLq8nkVH6s1gStEwywhox+2y0FY=
github.com/OperatorFoundation/shapeshifter-ipc/v2 v2.0.0 h1:6aQs+TF3KULMarpzbKu8DhFOF9D2UBCaAN5ZtbK53nQ=
github.com/OperatorFoundation/shapeshifter-ipc/v2 v2.0.0/go.mod h1:gb/QiZH0QDXLSQ9PskyJ2oTflB7tsP4AYc8y+FppvB0=
github.com/deckarep/golang-set v1.7.1 h1:SCQV0S6gTtp6itiFrTqI+pfmJ4LN85S1YzhDf9rTHJQ=
github.com/deckarep/golang-set v1.7.1/go.mod h1:93vsz/8Wt4joVM7c2AVqh+YRMiUSc14yDtF28KmMOgQ=
github.com/kataras/golog v0.0.18 h1:Td7hcKN25yzqB/0SO5iohOsMk5Mq5V9kDtM5apaJLY0=
github.com/kataras/golog v0.0.18/go.mod h1:jRYl7dFYqP8aQj9VkwdBUXYZSfUktm+YYg1arJILfyw=
github.com/kataras/pio v0.0.8 h1:6pX6nHJk7DAV3x1dEimibQF2CmJLlo0jWVmM9yE9KY8=
github.com/kataras/pio v0.0.8/go.mod h1:NFfMp2kVP1rmV4N6gH6qgWpuoDKlrOeYi3VrAIWCGsE=
github.com/opentracing/opentracing-go v1.1.0 h1:pWlfV3Bxv7k65HYwkikxat0+s3pV4bsqf19k25Ur8rU=
github.com/opentracing/opentracing-go v1.1.0/go.mod h1:UkNAQd3GIcIGf0SeVgPpRdFStlNbqXla1AfSYxPUl2o=
golang.org/x/crypto v0.0.0-20190308221718-c2843e01d9a2 h1:VklqNMn3ovrHsnt90PveolxSbWFaJdECFbxSq0Mqo2M=
golang.org/x/crypto v0.0.0-20190308221718-c2843e01d9a2/go.mod h1:djNgcEr1/C05ACkg1iLfiJU5Ep61QUkGW8qpdssI0+w=
golang.org/x/net v0.0.0-20200202094626-16171245cfb2 h1:CCH4IOTTfewWjGOlSp+zGcjutRKlBEZQ6wTn8ozI/nI=
golang.org/x/net v0.0.0-20200202094626-16171245cfb2/go.mod h1:z5CRVTTTmAJ677TzLLGU+0bjPO0LkuOLi4/5GtJWs/s=
golang.org/x/sys v0.0.0-20190215142949-d0b11bdaac8a h1:1BGLXjeY4akVXGgbC9HugT3Jv3hCI0z56oJR5vAMgBU=
golang.org/x/sys v0.0.0-20190215142949-d0b11bdaac8a/go.mod h1:STP8DvDyc/dI5b8T5hshtkjS+E42TnysNCUPdjciGhY=
golang.org/x/text v0.3.0/go.mod h1:NqM8EUOU14njkJ3fqMW+pc6Ldnwhi/IjpwHt7yyuwOQ=
